
Microsoft Visual Studio Solution File, Format Version 12.00
# Visual Studio 15
VisualStudioVersion = 15.0.27703.2035
MinimumVisualStudioVersion = 10.0.40219.1
Project("{FAE04EC0-301F-11D3-BF4B-00C04F79EFBC}") = "SpeechRecognition-Test", "SpeechRecognition-Test.csproj", "{9AC0174A-37C6-45DD-9DC3-AD0C3D7FC99B}"
EndProject
Global
	GlobalSection(SolutionConfigurationPlatforms) = preSolution
		Debug|Any CPU = Debug|Any CPU
		Release|Any CPU = Release|Any CPU
	EndGlobalSection
	GlobalSection(ProjectConfigurationPlatforms) = postSolution
		{9AC0174A-37C6-45DD-9DC3-AD0C3D7FC99B}.Debug|Any CPU.ActiveCfg = Debug|Any CPU
		{9AC0174A-37C6-45DD-9DC3-AD0C3D7FC99B}.Debug|Any CPU.Build.0 = Debug|Any CPU
		{9AC0174A-37C6-45DD-9DC3-AD0C3D7FC99B}.Release|Any CPU.ActiveCfg = Release|Any CPU
		{9AC0174A-37C6-45DD-9DC3-AD0C3D7FC99B}.Release|Any CPU.Build.0 = Release|Any CPU
	EndGlobalSection
	GlobalSection(SolutionProperties) = preSolution
		HideSolutionNode = FALSE
	EndGlobalSection
	GlobalSection(ExtensibilityGlobals) = postSolution
		SolutionGuid = {5FE8407F-3B44-4DEB-B8DF-C278CBC6FBD3}
	EndGlobalSection
EndGlobal
